PODS:
  - CocoaLUT (0.2.29-pre):
    - M13OrderedDictionary
    - MustOverride
    - RegExCategories
    - XMLDictionary
  - M13OrderedDictionary (1.0.6)
  - MustOverride (1.1)
  - RegExCategories (1.0)
  - VVLUT1DFilter (1.0.5)
  - VVSceneLinearImageRep (0.1.2)
  - XMLDictionary (1.4)

DEPENDENCIES:
  - CocoaLUT (from `../CocoaLUT`)
  - VVLUT1DFilter
  - VVSceneLinearImageRep

EXTERNAL SOURCES:
  CocoaLUT:
    :path: ../CocoaLUT

SPEC CHECKSUMS:
  CocoaLUT: 69827b98678712e6b3f9a29d9304403a50c99ed0
  M13OrderedDictionary: ca1bb2d743fd64500ffabee811d4bf2d0a65c908
  MustOverride: feccf16d11e574a814a03d940b9f4d7b4a759ce0
  RegExCategories: e68befacacd5bda853c88f70ec745cb2d0cfb89c
  VVLUT1DFilter: 1b978646438c49c84909be63a776c5e0207f0fa4
  VVSceneLinearImageRep: cea25a976fc320a009b70b116e3769b27dc45597
  XMLDictionary: f9f51601ba76678b594ab485f2b00ec1fed23724

COCOAPODS: 0.37.1
